// !$*UTF8*$!
{
	archiveVersion = 1;
	classes = {
	};
	objectVersion = 46;
	objects = {

/* Begin PBXBuildFile section */
		02A5ABA87D954153D88ECA32 /* Pods_MovieView.framework in Frameworks */ = {isa = PBXBuildFile; fileRef = FEC18A9BC8102ACC87748E68 /* Pods_MovieView.framework */; };
		876F0C641D13448B004B24FD /* DetailViewController.swift in Sources */ = {isa = PBXBuildFile; fileRef = 876F0C631D13448B004B24FD /* DetailViewController.swift */; };
		87AB96411D11F13900FFEA15 /* AppDelegate.swift in Sources */ = {isa = PBXBuildFile; fileRef = 87AB96401D11F13900FFEA15 /* AppDelegate.swift */; };
		87AB96461D11F13900FFEA15 /* Main.storyboard in Resources */ = {isa = PBXBuildFile; fileRef = 87AB96441D11F13900FFEA15 /* Main.storyboard */; };
		87AB96481D11F13900FFEA15 /* Assets.xcassets in Resources */ = {isa = PBXBuildFile; fileRef = 87AB96471D11F13900FFEA15 /* Assets.xcassets */; };
		87AB964B1D11F13900FFEA15 /* LaunchScreen.storyboard in Resources */ = {isa = PBXBuildFile; fileRef = 87AB96491D11F13900FFEA15 /* LaunchScreen.storyboard */; };
		87AB96531D11F1DC00FFEA15 /* MoviesViewController.swift in Sources */ = {isa = PBXBuildFile; fileRef = 87AB96521D11F1DC00FFEA15 /* MoviesViewController.swift */; };
		87AB96581D12046800FFEA15 /* MovieCell.swift in Sources */ = {isa = PBXBuildFile; fileRef = 87AB96571D12046800FFEA15 /* MovieCell.swift */; };
/* End PBXBuildFile section */

/* Begin PBXFileReference section */
		236B1DCFB7B27D0AE738595D /* Pods-MovieView.debug.xcconfig */ = {isa = PBXFileReference; includeInIndex = 1; lastKnownFileType = text.xcconfig; name = "Pods-MovieView.debug.xcconfig"; path = "Pods/Target Support Files/Pods-MovieView/Pods-MovieView.debug.xcconfig"; sourceTree = "<group>"; };
		876F0C631D13448B004B24FD /* DetailViewController.swift */ = {isa = PBXFileReference; fileEncoding = 4; lastKnownFileType = sourcecode.swift; path = DetailViewController.swift; sourceTree = "<group>"; };
		87AB963D1D11F13900FFEA15 /* MovieView.app */ = {isa = PBXFileReference; explicitFileType = wrapper.application; includeInIndex = 0; path = MovieView.app; sourceTree = BUILT_PRODUCTS_DIR; };
		87AB96401D11F13900FFEA15 /* AppDelegate.swift */ = {isa = PBXFileReference; lastKnownFileType = sourcecode.swift; path = AppDelegate.swift; sourceTree = "<group>"; };
		87AB96451D11F13900FFEA15 /* Base */ = {isa = PBXFileReference; lastKnownFileType = file.storyboard; name = Base; path = Base.lproj/Main.storyboard; sourceTree = "<group>"; };
		87AB96471D11F13900FFEA15 /* Assets.xcassets */ = {isa = PBXFileReference; lastKnownFileType = folder.assetcatalog; path = Assets.xcassets; sourceTree = "<group>"; };
		87AB964A1D11F13900FFEA15 /* Base */ = {isa = PBXFileReference; lastKnownFileType = file.storyboard; name = Base; path = Base.lproj/LaunchScreen.storyboard; sourceTree = "<group>"; };
		87AB964C1D11F13900FFEA15 /* Info.plist */ = {isa = PBXFileReference; lastKnownFileType = text.plist.xml; path = Info.plist; sourceTree = "<group>"; };
		87AB96521D11F1DC00FFEA15 /* MoviesViewController.swift */ = {isa = PBXFileReference; fileEncoding = 4; lastKnownFileType = sourcecode.swift; path = MoviesViewController.swift; sourceTree = "<group>"; };
		87AB96571D12046800FFEA15 /* MovieCell.swift */ = {isa = PBXFileReference; fileEncoding = 4; lastKnownFileType = sourcecode.swift; path = MovieCell.swift; sourceTree = "<group>"; };
		8E4C362B8CF679F02B5D7CEC /* Pods-MovieView.release.xcconfig */ = {isa = PBXFileReference; includeInIndex = 1; lastKnownFileType = text.xcconfig; name = "Pods-MovieView.release.xcconfig"; path = "Pods/Target Support Files/Pods-MovieView/Pods-MovieView.release.xcconfig"; sourceTree = "<group>"; };
		FEC18A9BC8102ACC87748E68 /* Pods_MovieView.framework */ = {isa = PBXFileReference; explicitFileType = wrapper.framework; includeInIndex = 0; path = Pods_MovieView.framework; sourceTree = BUILT_PRODUCTS_DIR; };
/* End PBXFileReference section */

/* Begin PBXFrameworksBuildPhase section */
		87AB963A1D11F13900FFEA15 /* Frameworks */ = {
			isa = PBXFrameworksBuildPhase;
			buildActionMask = 2147483647;
			files = (
				02A5ABA87D954153D88ECA32 /* Pods_MovieView.framework in Frameworks */,
			);
			runOnlyForDeploymentPostprocessing = 0;
		};
/* End PBXFrameworksBuildPhase section */

/* Begin PBXGroup section */
		1758B1E5F5F4D846FC6BD830 /* Pods */ = {
			isa = PBXGroup;
			children = (
				236B1DCFB7B27D0AE738595D /* Pods-MovieView.debug.xcconfig */,
				8E4C362B8CF679F02B5D7CEC /* Pods-MovieView.release.xcconfig */,
			);
			name = Pods;
			sourceTree = "<group>";
		};
		55BCB4F52AE5C9D6F3EF1AAB /* Frameworks */ = {
			isa = PBXGroup;
			children = (
				FEC18A9BC8102ACC87748E68 /* Pods_MovieView.framework */,
			);
			name = Frameworks;
			sourceTree = "<group>";
		};
		87AB96341D11F13900FFEA15 = {
			isa = PBXGroup;
			children = (
				87AB963F1D11F13900FFEA15 /* MovieView */,
				87AB963E1D11F13900FFEA15 /* Products */,
				1758B1E5F5F4D846FC6BD830 /* Pods */,
				55BCB4F52AE5C9D6F3EF1AAB /* Frameworks */,
			);
			sourceTree = "<group>";
		};
		87AB963E1D11F13900FFEA15 /* Products */ = {
			isa = PBXGroup;
			children = (
				87AB963D1D11F13900FFEA15 /* MovieView.app */,
			);
			name = Products;
			sourceTree = "<group>";
		};
		87AB963F1D11F13900FFEA15 /* MovieView */ = {
			isa = PBXGroup;
			children = (
				87AB96591D1204A100FFEA15 /* View Controllers */,
				87AB96541D1203E800FFEA15 /* Views */,
				87AB96401D11F13900FFEA15 /* AppDelegate.swift */,
				87AB96441D11F13900FFEA15 /* Main.storyboard */,
				87AB96471D11F13900FFEA15 /* Assets.xcassets */,
				87AB96491D11F13900FFEA15 /* LaunchScreen.storyboard */,
				87AB964C1D11F13900FFEA15 /* Info.plist */,
			);
			path = MovieView;
			sourceTree = "<group>";
		};
		87AB96541D1203E800FFEA15 /* Views */ = {
			isa = PBXGroup;
			children = (
				87AB96571D12046800FFEA15 /* MovieCell.swift */,
			);
			name = Views;
			sourceTree = "<group>";
		};
		87AB96591D1204A100FFEA15 /* View Controllers */ = {
			isa = PBXGroup;
			children = (
				87AB96521D11F1DC00FFEA15 /* MoviesViewController.swift */,
				876F0C631D13448B004B24FD /* DetailViewController.swift */,
			);
			name = "View Controllers";
			sourceTree = "<group>";
		};
/* End PBXGroup section */

/* Begin PBXNativeTarget section */
		87AB963C1D11F13900FFEA15 /* MovieView */ = {
			isa = PBXNativeTarget;
			buildConfigurationList = 87AB964F1D11F13900FFEA15 /* Build configuration list for PBXNativeTarget "MovieView" */;
			buildPhases = (
				8FD64FF89F7B0EB3B630305B /* [CP] Check Pods Manifest.lock */,
				87AB96391D11F13900FFEA15 /* Sources */,
				87AB963A1D11F13900FFEA15 /* Frameworks */,
				87AB963B1D11F13900FFEA15 /* Resources */,
				A5D2B2B7072D9BA6469E866F /* [CP] Embed Pods Frameworks */,
				3FF06BFDE14EEA75ED58C3FA /* [CP] Copy Pods Resources */,
			);
			buildRules = (
			);
			dependencies = (
			);
			name = MovieView;
			productName = MovieView;
			productReference = 87AB963D1D11F13900FFEA15 /* MovieView.app */;
			productType = "com.apple.product-type.application";
		};
/* End PBXNativeTarget section */

/* Begin PBXProject section */
		87AB96351D11F13900FFEA15 /* Project object */ = {
			isa = PBXProject;
			attributes = {
				LastSwiftUpdateCheck = 0730;
				LastUpgradeCheck = 0730;
				ORGANIZATIONNAME = "Dominique Macias";
				TargetAttributes = {
					87AB963C1D11F13900FFEA15 = {
						CreatedOnToolsVersion = 7.3.1;
					};
				};
			};
			buildConfigurationList = 87AB96381D11F13900FFEA15 /* Build configuration list for PBXProject "MovieView" */;
			compatibilityVersion = "Xcode 3.2";
			developmentRegion = English;
			hasScannedForEncodings = 0;
			knownRegions = (
				en,
				Base,
			);
			mainGroup = 87AB96341D11F13900FFEA15;
			productRefGroup = 87AB963E1D11F13900FFEA15 /* Products */;
			projectDirPath = "";
			projectRoot = "";
			targets = (
				87AB963C1D11F13900FFEA15 /* MovieView */,
			);
		};
/* End PBXProject section */

/* Begin PBXResourcesBuildPhase section */
		87AB963B1D11F13900FFEA15 /* Resources */ = {
			isa = PBXResourcesBuildPhase;
			buildActionMask = 2147483647;
			files = (
				87AB964B1D11F13900FFEA15 /* LaunchScreen.storyboard in Resources */,
				87AB96481D11F13900FFEA15 /* Assets.xcassets in Resources */,
				87AB96461D11F13900FFEA15 /* Main.storyboard in Resources */,
			);
			runOnlyForDeploymentPostprocessing = 0;
		};
/* End PBXResourcesBuildPhase section */

/* Begin PBXShellScriptBuildPhase section */
		3FF06BFDE14EEA75ED58C3FA /* [CP] Copy Pods Resources */ = {
			isa = PBXShellScriptBuildPhase;
			buildActionMask = 2147483647;
			files = (
			);
			inputPaths = (
			);
			name = "[CP] Copy Pods Resources";
			outputPaths = (
			);
			runOnlyForDeploymentPostprocessing = 0;
			shellPath = /bin/sh;
			shellScript = "\"${SRCROOT}/Pods/Target Support Files/Pods-MovieView/Pods-MovieView-resources.sh\"\n";
			showEnvVarsInLog = 0;
		};
		8FD64FF89F7B0EB3B630305B /* [CP] Check Pods Manifest.lock */ = {
			isa = PBXShellScriptBuildPhase;
			buildActionMask = 2147483647;
			files = (
			);
			inputPaths = (
			);
			name = "[CP] Check Pods Manifest.lock";
			outputPaths = (
			);
			runOnlyForDeploymentPostprocessing = 0;
			shellPath = /bin/sh;
			shellScript = "diff \"${PODS_ROOT}/../Podfile.lock\" \"${PODS_ROOT}/Manifest.lock\" > /dev/null\nif [[ $? != 0 ]] ; then\n    cat << EOM\nerror: The sandbox is not in sync with the Podfile.lock. Run 'pod install' or update your CocoaPods installation.\nEOM\n    exit 1\nfi\n";
			showEnvVarsInLog = 0;
		};
		A5D2B2B7072D9BA6469E866F /* [CP] Embed Pods Frameworks */ = {
			isa = PBXShellScriptBuildPhase;
			buildActionMask = 2147483647;
			files = (
			);
			inputPaths = (
			);
			name = "[CP] Embed Pods Frameworks";
			outputPaths = (
			);
			runOnlyForDeploymentPostprocessing = 0;
			shellPath = /bin/sh;
			shellScript = "\"${SRCROOT}/Pods/Target Support Files/Pods-MovieView/Pods-MovieView-frameworks.sh\"\n";
			showEnvVarsInLog = 0;
		};
/* End PBXShellScriptBuildPhase section */

/* Begin PBXSourcesBuildPhase section */
		87AB96391D11F13900FFEA15 /* Sources */ = {
			isa = PBXSourcesBuildPhase;
			buildActionMask = 2147483647;
			files = (
				87AB96411D11F13900FFEA15 /* AppDelegate.swift in Sources */,
				87AB96531D11F1DC00FFEA15 /* MoviesViewController.swift in Sources */,
				87AB96581D12046800FFEA15 /* MovieCell.swift in Sources */,
				876F0C641D13448B004B24FD /* DetailViewController.swift in Sources */,
			);
			runOnlyForDeploymentPostprocessing = 0;
		};
/* End PBXSourcesBuildPhase section */

/* Begin PBXVariantGroup section */
		87AB96441D11F13900FFEA15 /* Main.storyboard */ = {
			isa = PBXVariantGroup;
			children = (
				87AB96451D11F13900FFEA15 /* Base */,
			);
			name = Main.storyboard;
			sourceTree = "<group>";
		};
		87AB96491D11F13900FFEA15 /* LaunchScreen.storyboard */ = {
			isa = PBXVariantGroup;
			children = (
				87AB964A1D11F13900FFEA15 /* Base */,
			);
			name = LaunchScreen.storyboard;
			sourceTree = "<group>";
		};
/* End PBXVariantGroup section */

/* Begin XCBuildConfiguration section */
		87AB964D1D11F13900FFEA15 /* Debug */ = {
			isa = XCBuildConfiguration;
			buildSettings = {
				ALWAYS_SEARCH_USER_PATHS = NO;
				CLANG_ANALYZER_NONNULL = YES;
				CLANG_CXX_LANGUAGE_STANDARD = "gnu++0x";
				CLANG_CXX_LIBRARY = "libc++";
				CLANG_ENABLE_MODULES = YES;
				CLANG_ENABLE_OBJC_ARC = YES;
				CLANG_WARN_BOOL_CONVERSION = YES;
				CLANG_WARN_CONSTANT_CONVERSION = YES;
				CLANG_WARN_DIRECT_OBJC_ISA_USAGE = YES_ERROR;
				CLANG_WARN_EMPTY_BODY = YES;
				CLANG_WARN_ENUM_CONVERSION = YES;
				CLANG_WARN_INT_CONVERSION = YES;
				CLANG_WARN_OBJC_ROOT_CLASS = YES_ERROR;
				CLANG_WARN_UNREACHABLE_CODE = YES;
				CLANG_WARN__DUPLICATE_METHOD_MATCH = YES;
				"CODE_SIGN_IDENTITY[sdk=iphoneos*]" = "iPhone Developer";
				COPY_PHASE_STRIP = NO;
				DEBUG_INFORMATION_FORMAT = dwarf;
				ENABLE_STRICT_OBJC_MSGSEND = YES;
				ENABLE_TESTABILITY = YES;
				GCC_C_LANGUAGE_STANDARD = gnu99;
				GCC_DYNAMIC_NO_PIC = NO;
				GCC_NO_COMMON_BLOCKS = YES;
				GCC_OPTIMIZATION_LEVEL = 0;
				GCC_PREPROCESSOR_DEFINITIONS = (
					"DEBUG=1",
					"$(inherited)",
				);
				GCC_WARN_64_TO_32_BIT_CONVERSION = YES;
				GCC_WARN_ABOUT_RETURN_TYPE = YES_ERROR;
				GCC_WARN_UNDECLARED_SELECTOR = YES;
				GCC_WARN_UNINITIALIZED_AUTOS = YES_AGGRESSIVE;
				GCC_WARN_UNUSED_FUNCTION = YES;
				GCC_WARN_UNUSED_VARIABLE = YES;
				IPHONEOS_DEPLOYMENT_TARGET = 9.3;
				MTL_ENABLE_DEBUG_INFO = YES;
				ONLY_ACTIVE_ARCH = YES;
				SDKROOT = iphoneos;
				SWIFT_OPTIMIZATION_LEVEL = "-Onone";
			};
			name = Debug;
		};
		87AB964E1D11F13900FFEA15 /* Release */ = {
			isa = XCBuildConfiguration;
			buildSettings = {
				ALWAYS_SEARCH_USER_PATHS = NO;
				CLANG_ANALYZER_NONNULL = YES;
				CLANG_CXX_LANGUAGE_STANDARD = "gnu++0x";
				CLANG_CXX_LIBRARY = "libc++";
				CLANG_ENABLE_MODULES = YES;
				CLANG_ENABLE_OBJC_ARC = YES;
				CLANG_WARN_BOOL_CONVERSION = YES;
				CLANG_WARN_CONSTANT_CONVERSION = YES;
				CLANG_WARN_DIRECT_OBJC_ISA_USAGE = YES_ERROR;
				CLANG_WARN_EMPTY_BODY = YES;
				CLANG_WARN_ENUM_CONVERSION = YES;
				CLANG_WARN_INT_CONVERSION = YES;
				CLANG_WARN_OBJC_ROOT_CLASS = YES_ERROR;
				CLANG_WARN_UNREACHABLE_CODE = YES;
				CLANG_WARN__DUPLICATE_METHOD_MATCH = YES;
				"CODE_SIGN_IDENTITY[sdk=iphoneos*]" = "iPhone Developer";
				COPY_PHASE_STRIP = NO;
				DEBUG_INFORMATION_FORMAT = "dwarf-with-dsym";
				ENABLE_NS_ASSERTIONS = NO;
				ENABLE_STRICT_OBJC_MSGSEND = YES;
				GCC_C_LANGUAGE_STANDARD = gnu99;
				GCC_NO_COMMON_BLOCKS = YES;
				GCC_WARN_64_TO_32_BIT_CONVERSION = YES;
				GCC_WARN_ABOUT_RETURN_TYPE = YES_ERROR;
				GCC_WARN_UNDECLARED_SELECTOR = YES;
				GCC_WARN_UNINITIALIZED_AUTOS = YES_AGGRESSIVE;
				GCC_WARN_UNUSED_FUNCTION = YES;
				GCC_WARN_UNUSED_VARIABLE = YES;
				IPHONEOS_DEPLOYMENT_TARGET = 9.3;
				MTL_ENABLE_DEBUG_INFO = NO;
				SDKROOT = iphoneos;
				VALIDATE_PRODUCT = YES;
			};
			name = Release;
		};
		87AB96501D11F13900FFEA15 /* Debug */ = {
			isa = XCBuildConfiguration;
			baseConfigurationReference = 236B1DCFB7B27D0AE738595D /* Pods-MovieView.debug.xcconfig */;
			buildSettings = {
				ASSETCATALOG_COMPILER_APPICON_NAME = AppIcon;
				INFOPLIST_FILE = MovieView/Info.plist;
				LD_RUNPATH_SEARCH_PATHS = "$(inherited) @executable_path/Frameworks";
				PRODUCT_BUNDLE_IDENTIFIER = com.codepath.MovieView;
				PRODUCT_NAME = "$(TARGET_NAME)";
			};
			name = Debug;
		};
		87AB96511D11F13900FFEA15 /* Release */ = {
			isa = XCBuildConfiguration;
			baseConfigurationReference = 8E4C362B8CF679F02B5D7CEC /* Pods-MovieView.release.xcconfig */;
			buildSettings = {
				ASSETCATALOG_COMPILER_APPICON_NAME = AppIcon;
				INFOPLIST_FILE = MovieView/Info.plist;
				LD_RUNPATH_SEARCH_PATHS = "$(inherited) @executable_path/Frameworks";
				PRODUCT_BUNDLE_IDENTIFIER = com.codepath.MovieView;
				PRODUCT_NAME = "$(TARGET_NAME)";
			};
			name = Release;
		};
/* End XCBuildConfiguration section */

/* Begin XCConfigurationList section */
		87AB96381D11F13900FFEA15 /* Build configuration list for PBXProject "MovieView" */ = {
			isa = XCConfigurationList;
			buildConfigurations = (
				87AB964D1D11F13900FFEA15 /* Debug */,
				87AB964E1D11F13900FFEA15 /* Release */,
			);
			defaultConfigurationIsVisible = 0;
			defaultConfigurationName = Release;
		};
		87AB964F1D11F13900FFEA15 /* Build configuration list for PBXNativeTarget "MovieView" */ = {
			isa = XCConfigurationList;
			buildConfigurations = (
				87AB96501D11F13900FFEA15 /* Debug */,
				87AB96511D11F13900FFEA15 /* Release */,
			);
			defaultConfigurationIsVisible = 0;
			defaultConfigurationName = Release;
		};
/* End XCConfigurationList section */
	};
	rootObject = 87AB96351D11F13900FFEA15 /* Project object */;
}
